
Microsoft Visual Studio Solution File, Format Version 12.00
# Visual Studio Version 17
VisualStudioVersion = 17.9.34607.119
MinimumVisualStudioVersion = 10.0.40219.1
Project("{9A19103F-16F7-4668-BE54-9A1E7A4F7556}") = "WebAPI", "src\WebAPI\WebAPI.csproj", "{5AEE1087-1647-4D84-87F1-ED7C974106FF}"
EndProject
Project("{FAE04EC0-301F-11D3-BF4B-00C04F79EFBC}") = "Domain", "src\Domain\Domain.csproj", "{8D1AFC2F-627E-4A70-BED7-937151DD662D}"
EndProject
Global
	GlobalSection(SolutionConfigurationPlatforms) = preSolution
		Debug|Any CPU = Debug|Any CPU
		Release|Any CPU = Release|Any CPU
	EndGlobalSection
	GlobalSection(ProjectConfigurationPlatforms) = postSolution
		{5AEE1087-1647-4D84-87F1-ED7C974106FF}.Debug|Any CPU.ActiveCfg = Debug|Any CPU
		{5AEE1087-1647-4D84-87F1-ED7C974106FF}.Debug|Any CPU.Build.0 = Debug|Any CPU
		{5AEE1087-1647-4D84-87F1-ED7C974106FF}.Release|Any CPU.ActiveCfg = Release|Any CPU
		{5AEE1087-1647-4D84-87F1-ED7C974106FF}.Release|Any CPU.Build.0 = Release|Any CPU
		{8D1AFC2F-627E-4A70-BED7-937151DD662D}.Debug|Any CPU.ActiveCfg = Debug|Any CPU
		{8D1AFC2F-627E-4A70-BED7-937151DD662D}.Debug|Any CPU.Build.0 = Debug|Any CPU
		{8D1AFC2F-627E-4A70-BED7-937151DD662D}.Release|Any CPU.ActiveCfg = Release|Any CPU
		{8D1AFC2F-627E-4A70-BED7-937151DD662D}.Release|Any CPU.Build.0 = Release|Any CPU
	EndGlobalSection
	GlobalSection(SolutionProperties) = preSolution
		HideSolutionNode = FALSE
	EndGlobalSection
	GlobalSection(ExtensibilityGlobals) = postSolution
		SolutionGuid = {BC3CF44A-BE59-431F-8EC5-884F669DDA9B}
	EndGlobalSection
EndGlobal
